{
  "nodes": {
    "brightcove-master": {
      "inputs": {
        "flakeNimbleLib": [
          "flakeNimbleLib"
        ],
        "nixpkgs": [
          "nixpkgs"
        ],
        "src-brightcove-master": "src-brightcove-master",
        "util": "util"
      },
      "locked": {
        "dir": "master",
        "lastModified": 1665580782,
        "narHash": "sha256-kJETTm6EF2gD+nj8ehZzwXMMJmT73Nionon9J5wpxzo=",
        "owner": "nim-nix-pkgs",
        "repo": "brightcove",
        "rev": "90a6f7c6ced11c2a8c3b707ae5b7ba27e1f31953",
        "type": "github"
      },
      "original": {
        "dir": "master",
        "owner": "nim-nix-pkgs",
        "ref": "master",
        "repo": "brightcove",
        "type": "github"
      }
    },
    "flakeNimbleLib": {
      "inputs": {
        "nixpkgs": [
          "nixpkgs"
        ]
      },
      "locked": {
        "lastModified": 1662018438,
        "narHash": "sha256-QtNtU6+LX3Wokxf0zlFwKTFOcn6TeDjKQZ+DA9OYtvM=",
        "owner": "riinr",
        "repo": "nim-flakes-lib",
        "rev": "b1fe8340736e3a85d25c709ac3dfd82a55c03cbf",
        "type": "github"
      },
      "original": {
        "owner": "riinr",
        "ref": "master",
        "repo": "nim-flakes-lib",
        "type": "github"
      }
    },
    "nixpkgs": {
      "locked": {
        "lastModified": 1667110639,
        "narHash": "sha256-4FbPESZ5LbqQxkJJJBAfk/zKgF9h/4kyUwjjpJwYlbc=",
        "owner": "NixOS",
        "repo": "nixpkgs",
        "rev": "f38a1f04d1bec1feb61fd101a0539ae2002a7087",
        "type": "github"
      },
      "original": {
        "id": "nixpkgs",
        "type": "indirect"
      }
    },
    "root": {
      "inputs": {
        "brightcove-master": "brightcove-master",
        "flakeNimbleLib": "flakeNimbleLib",
        "nixpkgs": "nixpkgs"
      }
    },
    "src-brightcove-master": {
      "flake": false,
      "locked": {
        "lastModified": 1661552845,
        "narHash": "sha256-wHkzydKtlehthWCqbcslbIR4fB8UakaVBQP8hrSvvAA=",
        "owner": "thisago",
        "repo": "brightcove",
        "rev": "6148be4442e8566020dae564cc69c783398888ec",
        "type": "github"
      },
      "original": {
        "owner": "thisago",
        "ref": "refs/heads/master",
        "repo": "brightcove",
        "type": "github"
      }
    },
    "src-util-master": {
      "flake": false,
      "locked": {
        "lastModified": 1661954532,
        "narHash": "sha256-LavUdhXugYtLETTcwPqBiW77lwP8lSMf2b+riXrC4yA=",
        "owner": "thisago",
        "repo": "util",
        "rev": "da3e1e96aeebee5a0cac4f6c9c1c6b0c56792a4c",
        "type": "github"
      },
      "original": {
        "owner": "thisago",
        "ref": "refs/heads/master",
        "repo": "util",
        "type": "github"
      }
    },
    "util": {
      "inputs": {
        "flakeNimbleLib": [
          "brightcove-master",
          "flakeNimbleLib"
        ],
        "nixpkgs": [
          "brightcove-master",
          "nixpkgs"
        ],
        "src-util-master": "src-util-master"
      },
      "locked": {
        "dir": "master",
        "lastModified": 1662254917,
        "narHash": "sha256-bM4AcRKwuKr2rRiBBjh+OeHI5TF/Vnb5bPsYXX7sGXM=",
        "owner": "nim-nix-pkgs",
        "repo": "util",
        "rev": "9e30b03581972c13ffa3b71796e1c790b8e482e9",
        "type": "github"
      },
      "original": {
        "dir": "master",
        "owner": "nim-nix-pkgs",
        "ref": "master",
        "repo": "util",
        "type": "github"
      }
    }
  },
  "root": "root",
  "version": 7
}
